
Microsoft Visual Studio Solution File, Format Version 12.00
# Visual Studio Version 17
VisualStudioVersion = 17.6.33801.468
MinimumVisualStudioVersion = 10.0.40219.1
Project("{9A19103F-16F7-4668-BE54-9A1E7A4F7556}") = "SyslogDotnet", "SyslogDotnet\SyslogDotnet.csproj", "{2F41CB1C-9A0B-4C09-9BF4-6F624EDD0D70}"
EndProject
Project("{9A19103F-16F7-4668-BE54-9A1E7A4F7556}") = "SyslogDotnet.Client.Cmd", "SyslogDotnet.Client.Cmd\SyslogDotnet.Client.Cmd.csproj", "{3ABCB7EE-03EE-4E1A-BB03-3FB6ED191B19}"
EndProject
Project("{9A19103F-16F7-4668-BE54-9A1E7A4F7556}") = "SyslogDotnet.Server.Cmd", "SyslogDotnet.Server.Cmd\SyslogDotnet.Server.Cmd.csproj", "{40977D28-DC42-47A8-894C-ECA1BC4AF738}"
EndProject
Project("{FAE04EC0-301F-11D3-BF4B-00C04F79EFBC}") = "SyslogDotnet.Server.Pwsh", "SyslogDotnet.Server.Pwsh\SyslogDotnet.Server.Pwsh.csproj", "{5DD81D5D-2858-4295-9782-5D257AC89364}"
EndProject
Global
	GlobalSection(SolutionConfigurationPlatforms) = preSolution
		Debug|Any CPU = Debug|Any CPU
		Release|Any CPU = Release|Any CPU
	EndGlobalSection
	GlobalSection(ProjectConfigurationPlatforms) = postSolution
		{2F41CB1C-9A0B-4C09-9BF4-6F624EDD0D70}.Debug|Any CPU.ActiveCfg = Debug|Any CPU
		{2F41CB1C-9A0B-4C09-9BF4-6F624EDD0D70}.Debug|Any CPU.Build.0 = Debug|Any CPU
		{2F41CB1C-9A0B-4C09-9BF4-6F624EDD0D70}.Release|Any CPU.ActiveCfg = Release|Any CPU
		{2F41CB1C-9A0B-4C09-9BF4-6F624EDD0D70}.Release|Any CPU.Build.0 = Release|Any CPU
		{3ABCB7EE-03EE-4E1A-BB03-3FB6ED191B19}.Debug|Any CPU.ActiveCfg = Debug|Any CPU
		{3ABCB7EE-03EE-4E1A-BB03-3FB6ED191B19}.Debug|Any CPU.Build.0 = Debug|Any CPU
		{3ABCB7EE-03EE-4E1A-BB03-3FB6ED191B19}.Release|Any CPU.ActiveCfg = Release|Any CPU
		{3ABCB7EE-03EE-4E1A-BB03-3FB6ED191B19}.Release|Any CPU.Build.0 = Release|Any CPU
		{40977D28-DC42-47A8-894C-ECA1BC4AF738}.Debug|Any CPU.ActiveCfg = Debug|Any CPU
		{40977D28-DC42-47A8-894C-ECA1BC4AF738}.Debug|Any CPU.Build.0 = Debug|Any CPU
		{40977D28-DC42-47A8-894C-ECA1BC4AF738}.Release|Any CPU.ActiveCfg = Release|Any CPU
		{40977D28-DC42-47A8-894C-ECA1BC4AF738}.Release|Any CPU.Build.0 = Release|Any CPU
		{5DD81D5D-2858-4295-9782-5D257AC89364}.Debug|Any CPU.ActiveCfg = Debug|Any CPU
		{5DD81D5D-2858-4295-9782-5D257AC89364}.Debug|Any CPU.Build.0 = Debug|Any CPU
		{5DD81D5D-2858-4295-9782-5D257AC89364}.Release|Any CPU.ActiveCfg = Release|Any CPU
		{5DD81D5D-2858-4295-9782-5D257AC89364}.Release|Any CPU.Build.0 = Release|Any CPU
	EndGlobalSection
	GlobalSection(SolutionProperties) = preSolution
		HideSolutionNode = FALSE
	EndGlobalSection
	GlobalSection(ExtensibilityGlobals) = postSolution
		SolutionGuid = {BBB273EB-7BCF-42D3-8B93-848E38E8B580}
	EndGlobalSection
EndGlobal
